// !$*UTF8*$!
{ archiveVersion = 1; classes = {}; objectVersion = 56; objects = {
A00000000000000000000001 = {isa = PBXProject; attributes = {LastUpgradeCheck = 2700; TargetAttributes = {A00000000000000000000002 = {CreatedOnToolsVersion = 27.0;};};}; buildConfigurationList = A00000000000000000000003; compatibilityVersion = "Xcode 14.0"; developmentRegion = en; knownRegions = (en, Base); mainGroup = A00000000000000000000004; productRefGroup = A00000000000000000000005; projectDirPath = ""; projectRoot = ""; targets = (A00000000000000000000002);};
A00000000000000000000002 = {isa = PBXAggregateTarget; buildConfigurationList = A00000000000000000000006; buildPhases = (A0000000000000000000000E); buildRules = (); dependencies = (); name = SocietyInteractions; productName = SocietyInteractions;};
A00000000000000000000003 = {isa = XCConfigurationList; buildConfigurations = (A0000000000000000000000A); defaultConfigurationIsVisible = 0; defaultConfigurationName = Debug;};
A00000000000000000000004 = {isa = PBXGroup; children = (A0000000000000000000000B, A00000000000000000000005); sourceTree = "<group>";};
A00000000000000000000005 = {isa = PBXGroup; children = (A00000000000000000000009); name = Products; sourceTree = "<group>";};
A00000000000000000000006 = {isa = XCConfigurationList; buildConfigurations = (A0000000000000000000000C); defaultConfigurationIsVisible = 0; defaultConfigurationName = Debug;};
A00000000000000000000007 = {isa = PBXSourcesBuildPhase; buildActionMask = 2147483647; files = (A0000000000000000000000D); runOnlyForDeploymentPostprocessing = 0;};
A00000000000000000000008 = {isa = PBXFrameworksBuildPhase; buildActionMask = 2147483647; files = (); runOnlyForDeploymentPostprocessing = 0;};
A00000000000000000000009 = {isa = PBXFileReference; explicitFileType = wrapper.cfbundle; includeInIndex = 0; path = SocietyInteractions.xctest; sourceTree = BUILT_PRODUCTS_DIR;};
A0000000000000000000000A = {isa = XCBuildConfiguration; buildSettings = {SDKROOT = iphoneos; IPHONEOS_DEPLOYMENT_TARGET = 16.0;}; name = Debug;};
A0000000000000000000000B = {isa = PBXFileReference; lastKnownFileType = sourcecode.swift; path = InteractionsTests.swift; sourceTree = "<group>";};
A0000000000000000000000C = {isa = XCBuildConfiguration; buildSettings = {PRODUCT_BUNDLE_IDENTIFIER = com.iisacc.society.interactions; PRODUCT_NAME = "$(TARGET_NAME)"; SDKROOT = iphoneos; SWIFT_VERSION = 5.0; IPHONEOS_DEPLOYMENT_TARGET = 16.0; TARGETED_DEVICE_FAMILY = "1,2"; GENERATE_INFOPLIST_FILE = YES; CODE_SIGN_STYLE = Automatic; DEVELOPMENT_TEAM = 5U49ST9XZH; TEST_TARGET_NAME = ""; TEST_TARGET_BUNDLE_IDENTIFIER = com.iisacc.society; CLANG_ENABLE_MODULES = YES; ENABLE_TESTABILITY = YES;}; name = Debug;};
A0000000000000000000000D = {isa = PBXBuildFile; fileRef = A0000000000000000000000B;};
A0000000000000000000000E = {isa = PBXShellScriptBuildPhase; buildActionMask = 2147483647; files = (); inputPaths = (); outputPaths = (); runOnlyForDeploymentPostprocessing = 0; shellPath = /bin/sh; shellScript = "echo 'error: Standalone XCTest UI runners are disabled by the single-app build policy. Preserve InteractionsTests.swift for a runner-free harness.' >&2\nexit 1\n";};
}; rootObject = A00000000000000000000001;}
